{
  "name": "cursoangularjs",
  "version": "1.0.0",
  "lockfileVersion": 1,
  "requires": true,
  "dependencies": {
    "angular": {
      "version": "1.6.6",
      "resolved": "https://registry.npmjs.org/angular/-/angular-1.6.6.tgz",
      "integrity": "sha1-/Vo8+0N844LYVO4BEgeXl4Uny2Q="
    },
    "angular-i18n": {
      "version": "1.6.6",
      "resolved": "https://registry.npmjs.org/angular-i18n/-/angular-i18n-1.6.6.tgz",
      "integrity": "sha1-8hy/kWGkSb5LcUDYsVP2ypsIfSQ="
    },
    "angular-locale": {
      "version": "0.3.1",
      "resolved": "https://registry.npmjs.org/angular-locale/-/angular-locale-0.3.1.tgz",
      "integrity": "sha1-JydtnUGv1K2DfOTJc9BsN68JkCo="
    },
    "angular-sanitize": {
      "version": "1.6.6",
      "resolved": "https://registry.npmjs.org/angular-sanitize/-/angular-sanitize-1.6.6.tgz",
      "integrity": "sha1-D9BloZkxUX++zmZZbTJdcrbgYEE="
    },
    "bootstrap": {
      "version": "3.3.7",
      "resolved": "https://registry.npmjs.org/bootstrap/-/bootstrap-3.3.7.tgz",
      "integrity": "sha1-WjiTlFSfIzMIdaOxUGVldPip63E="
    }
  }
}
